
Microsoft Visual Studio Solution File, Format Version 12.00
# Visual Studio Version 16
VisualStudioVersion = 16.0.30517.126
MinimumVisualStudioVersion = 10.0.40219.1
Project("{9A19103F-16F7-4668-BE54-9A1E7A4F7556}") = "Variaveis", "Variaveis\Variaveis.csproj", "{497D0E09-04EA-471F-84F2-6F475F2AA483}"
EndProject
Project("{9A19103F-16F7-4668-BE54-9A1E7A4F7556}") = "EntradaSaida", "EntradaSaida\EntradaSaida.csproj", "{46A7D168-10D0-4BDC-95C7-543CE5D31405}"
EndProject
Project("{9A19103F-16F7-4668-BE54-9A1E7A4F7556}") = "InverterNomes", "InverterNomes\InverterNomes.csproj", "{D21DB6A5-3134-4AE1-A61E-B566C868DBB5}"
EndProject
Project("{2150E333-8FDC-42A3-9474-1A3956D46DE8}") = "Basico", "Basico", "{3B02EDAE-2CE0-4570-9669-60EABE12A34D}"
EndProject
Project("{9A19103F-16F7-4668-BE54-9A1E7A4F7556}") = "Conversao", "Conversao\Conversao.csproj", "{E79A726B-5125-4B47-994D-73AF2D23EE6A}"
EndProject
Project("{9A19103F-16F7-4668-BE54-9A1E7A4F7556}") = "Operadores", "Operadores\Operadores.csproj", "{89ADA513-7E33-45E4-9E04-542F153B306C}"
EndProject
Project("{9A19103F-16F7-4668-BE54-9A1E7A4F7556}") = "ConversaoTemperaturas", "ConversaoTemperaturas\ConversaoTemperaturas.csproj", "{CB9CF9EE-2C6F-4F02-B58C-433EC56E5C8D}"
EndProject
Project("{9A19103F-16F7-4668-BE54-9A1E7A4F7556}") = "ColecaoArray", "ColecaoArray\ColecaoArray.csproj", "{225C17AC-60F7-4B3A-B465-2B499FF4D6C5}"
EndProject
Project("{9A19103F-16F7-4668-BE54-9A1E7A4F7556}") = "MultiplicarMatrizes", "MultiplicarMatrizes\MultiplicarMatrizes.csproj", "{A363438E-C7F7-47E2-B66F-8A537554ACA3}"
EndProject
Project("{9A19103F-16F7-4668-BE54-9A1E7A4F7556}") = "EstruturasCondicionais", "EstruturasCondicionais\EstruturasCondicionais.csproj", "{4EB1654C-4528-408A-B7A6-174E00254A38}"
EndProject
Project("{9A19103F-16F7-4668-BE54-9A1E7A4F7556}") = "CalcularIMC", "CalcularIMC\CalcularIMC.csproj", "{F20ECAD1-BDCB-456B-A02F-6DF4CFF85ED4}"
EndProject
Project("{FAE04EC0-301F-11D3-BF4B-00C04F79EFBC}") = "EstruturasControle", "EstruturasControle\EstruturasControle.csproj", "{AAE233C1-327E-4023-A448-AE2EC6F86FBE}"
EndProject
Project("{FAE04EC0-301F-11D3-BF4B-00C04F79EFBC}") = "Calculadora", "Calculadora\Calculadora.csproj", "{1E537788-15C2-4C0A-8EC6-71C89E84BD4D}"
EndProject
Global
	GlobalSection(SolutionConfigurationPlatforms) = preSolution
		Debug|Any CPU = Debug|Any CPU
		Release|Any CPU = Release|Any CPU
	EndGlobalSection
	GlobalSection(ProjectConfigurationPlatforms) = postSolution
		{497D0E09-04EA-471F-84F2-6F475F2AA483}.Debug|Any CPU.ActiveCfg = Debug|Any CPU
		{497D0E09-04EA-471F-84F2-6F475F2AA483}.Debug|Any CPU.Build.0 = Debug|Any CPU
		{497D0E09-04EA-471F-84F2-6F475F2AA483}.Release|Any CPU.ActiveCfg = Release|Any CPU
		{497D0E09-04EA-471F-84F2-6F475F2AA483}.Release|Any CPU.Build.0 = Release|Any CPU
		{46A7D168-10D0-4BDC-95C7-543CE5D31405}.Debug|Any CPU.ActiveCfg = Debug|Any CPU
		{46A7D168-10D0-4BDC-95C7-543CE5D31405}.Debug|Any CPU.Build.0 = Debug|Any CPU
		{46A7D168-10D0-4BDC-95C7-543CE5D31405}.Release|Any CPU.ActiveCfg = Release|Any CPU
		{46A7D168-10D0-4BDC-95C7-543CE5D31405}.Release|Any CPU.Build.0 = Release|Any CPU
		{D21DB6A5-3134-4AE1-A61E-B566C868DBB5}.Debug|Any CPU.ActiveCfg = Debug|Any CPU
		{D21DB6A5-3134-4AE1-A61E-B566C868DBB5}.Debug|Any CPU.Build.0 = Debug|Any CPU
		{D21DB6A5-3134-4AE1-A61E-B566C868DBB5}.Release|Any CPU.ActiveCfg = Release|Any CPU
		{D21DB6A5-3134-4AE1-A61E-B566C868DBB5}.Release|Any CPU.Build.0 = Release|Any CPU
		{E79A726B-5125-4B47-994D-73AF2D23EE6A}.Debug|Any CPU.ActiveCfg = Debug|Any CPU
		{E79A726B-5125-4B47-994D-73AF2D23EE6A}.Debug|Any CPU.Build.0 = Debug|Any CPU
		{E79A726B-5125-4B47-994D-73AF2D23EE6A}.Release|Any CPU.ActiveCfg = Release|Any CPU
		{E79A726B-5125-4B47-994D-73AF2D23EE6A}.Release|Any CPU.Build.0 = Release|Any CPU
		{89ADA513-7E33-45E4-9E04-542F153B306C}.Debug|Any CPU.ActiveCfg = Debug|Any CPU
		{89ADA513-7E33-45E4-9E04-542F153B306C}.Debug|Any CPU.Build.0 = Debug|Any CPU
		{89ADA513-7E33-45E4-9E04-542F153B306C}.Release|Any CPU.ActiveCfg = Release|Any CPU
		{89ADA513-7E33-45E4-9E04-542F153B306C}.Release|Any CPU.Build.0 = Release|Any CPU
		{CB9CF9EE-2C6F-4F02-B58C-433EC56E5C8D}.Debug|Any CPU.ActiveCfg = Debug|Any CPU
		{CB9CF9EE-2C6F-4F02-B58C-433EC56E5C8D}.Debug|Any CPU.Build.0 = Debug|Any CPU
		{CB9CF9EE-2C6F-4F02-B58C-433EC56E5C8D}.Release|Any CPU.ActiveCfg = Release|Any CPU
		{CB9CF9EE-2C6F-4F02-B58C-433EC56E5C8D}.Release|Any CPU.Build.0 = Release|Any CPU
		{225C17AC-60F7-4B3A-B465-2B499FF4D6C5}.Debug|Any CPU.ActiveCfg = Debug|Any CPU
		{225C17AC-60F7-4B3A-B465-2B499FF4D6C5}.Debug|Any CPU.Build.0 = Debug|Any CPU
		{225C17AC-60F7-4B3A-B465-2B499FF4D6C5}.Release|Any CPU.ActiveCfg = Release|Any CPU
		{225C17AC-60F7-4B3A-B465-2B499FF4D6C5}.Release|Any CPU.Build.0 = Release|Any CPU
		{A363438E-C7F7-47E2-B66F-8A537554ACA3}.Debug|Any CPU.ActiveCfg = Debug|Any CPU
		{A363438E-C7F7-47E2-B66F-8A537554ACA3}.Debug|Any CPU.Build.0 = Debug|Any CPU
		{A363438E-C7F7-47E2-B66F-8A537554ACA3}.Release|Any CPU.ActiveCfg = Release|Any CPU
		{A363438E-C7F7-47E2-B66F-8A537554ACA3}.Release|Any CPU.Build.0 = Release|Any CPU
		{4EB1654C-4528-408A-B7A6-174E00254A38}.Debug|Any CPU.ActiveCfg = Debug|Any CPU
		{4EB1654C-4528-408A-B7A6-174E00254A38}.Debug|Any CPU.Build.0 = Debug|Any CPU
		{4EB1654C-4528-408A-B7A6-174E00254A38}.Release|Any CPU.ActiveCfg = Release|Any CPU
		{4EB1654C-4528-408A-B7A6-174E00254A38}.Release|Any CPU.Build.0 = Release|Any CPU
		{F20ECAD1-BDCB-456B-A02F-6DF4CFF85ED4}.Debug|Any CPU.ActiveCfg = Debug|Any CPU
		{F20ECAD1-BDCB-456B-A02F-6DF4CFF85ED4}.Debug|Any CPU.Build.0 = Debug|Any CPU
		{F20ECAD1-BDCB-456B-A02F-6DF4CFF85ED4}.Release|Any CPU.ActiveCfg = Release|Any CPU
		{F20ECAD1-BDCB-456B-A02F-6DF4CFF85ED4}.Release|Any CPU.Build.0 = Release|Any CPU
		{AAE233C1-327E-4023-A448-AE2EC6F86FBE}.Debug|Any CPU.ActiveCfg = Debug|Any CPU
		{AAE233C1-327E-4023-A448-AE2EC6F86FBE}.Debug|Any CPU.Build.0 = Debug|Any CPU
		{AAE233C1-327E-4023-A448-AE2EC6F86FBE}.Release|Any CPU.ActiveCfg = Release|Any CPU
		{AAE233C1-327E-4023-A448-AE2EC6F86FBE}.Release|Any CPU.Build.0 = Release|Any CPU
		{1E537788-15C2-4C0A-8EC6-71C89E84BD4D}.Debug|Any CPU.ActiveCfg = Debug|Any CPU
		{1E537788-15C2-4C0A-8EC6-71C89E84BD4D}.Debug|Any CPU.Build.0 = Debug|Any CPU
		{1E537788-15C2-4C0A-8EC6-71C89E84BD4D}.Release|Any CPU.ActiveCfg = Release|Any CPU
		{1E537788-15C2-4C0A-8EC6-71C89E84BD4D}.Release|Any CPU.Build.0 = Release|Any CPU
	EndGlobalSection
	GlobalSection(SolutionProperties) = preSolution
		HideSolutionNode = FALSE
	EndGlobalSection
	GlobalSection(NestedProjects) = preSolution
		{497D0E09-04EA-471F-84F2-6F475F2AA483} = {3B02EDAE-2CE0-4570-9669-60EABE12A34D}
		{46A7D168-10D0-4BDC-95C7-543CE5D31405} = {3B02EDAE-2CE0-4570-9669-60EABE12A34D}
		{D21DB6A5-3134-4AE1-A61E-B566C868DBB5} = {3B02EDAE-2CE0-4570-9669-60EABE12A34D}
		{E79A726B-5125-4B47-994D-73AF2D23EE6A} = {3B02EDAE-2CE0-4570-9669-60EABE12A34D}
		{89ADA513-7E33-45E4-9E04-542F153B306C} = {3B02EDAE-2CE0-4570-9669-60EABE12A34D}
		{CB9CF9EE-2C6F-4F02-B58C-433EC56E5C8D} = {3B02EDAE-2CE0-4570-9669-60EABE12A34D}
		{225C17AC-60F7-4B3A-B465-2B499FF4D6C5} = {3B02EDAE-2CE0-4570-9669-60EABE12A34D}
		{A363438E-C7F7-47E2-B66F-8A537554ACA3} = {3B02EDAE-2CE0-4570-9669-60EABE12A34D}
		{4EB1654C-4528-408A-B7A6-174E00254A38} = {3B02EDAE-2CE0-4570-9669-60EABE12A34D}
		{F20ECAD1-BDCB-456B-A02F-6DF4CFF85ED4} = {3B02EDAE-2CE0-4570-9669-60EABE12A34D}
		{AAE233C1-327E-4023-A448-AE2EC6F86FBE} = {3B02EDAE-2CE0-4570-9669-60EABE12A34D}
		{1E537788-15C2-4C0A-8EC6-71C89E84BD4D} = {3B02EDAE-2CE0-4570-9669-60EABE12A34D}
	EndGlobalSection
	GlobalSection(ExtensibilityGlobals) = postSolution
		SolutionGuid = {ACFE1B72-35E7-434D-A313-F31852C58DB7}
	EndGlobalSection
EndGlobal
